{
  "name": "gigachad-system",
  "version": "1.0.0",
  "lockfileVersion": 1,
  "requires": true,
  "dependencies": {
    "react-lite-youtube-embed": {
      "version": "2.3.52",
      "resolved": "https://registry.npmjs.org/react-lite-youtube-embed/-/react-lite-youtube-embed-2.3.52.tgz",
      "integrity": "sha512-G010PvCavA4EqL8mZ/Sv9XXiHnjMfONW+lmNeCRnSEPluPdptv2lZ0cNlngrj7K9j7luc8pbpyrmNpKbD9VMmw=="
    }
  }
}
